// !$*UTF8*$!
{
	archiveVersion = 1;
	classes = {
	};
	objectVersion = 56;
	objects = {

/* Begin PBXBuildFile section */
		AF4535022BDEC28D00A4906A /* LaunchViewController.swift in Sources */ = {isa = PBXBuildFile; fileRef = AF4535012BDEC28D00A4906A /* LaunchViewController.swift */; };
		AF4535042BDECCFF00A4906A /* LoginViewController.swift in Sources */ = {isa = PBXBuildFile; fileRef = AF4535032BDECCFF00A4906A /* LoginViewController.swift */; };
		AF4535082BDED20300A4906A /* HomeViewController.swift in Sources */ = {isa = PBXBuildFile; fileRef = AF4535072BDED20300A4906A /* HomeViewController.swift */; };
		AFB6BA5D2BDE1B95000BC434 /* ExploreController.swift in Sources */ = {isa = PBXBuildFile; fileRef = AFB6BA5C2BDE1B95000BC434 /* ExploreController.swift */; };
		AFC9EB412BE163680008765E /* CommunityViewController.swift in Sources */ = {isa = PBXBuildFile; fileRef = AFC9EB402BE163680008765E /* CommunityViewController.swift */; };
		AFC9EB432BE163900008765E /* CommunityTableViewCell.swift in Sources */ = {isa = PBXBuildFile; fileRef = AFC9EB422BE163900008765E /* CommunityTableViewCell.swift */; };
		AFE90AC02BDB611E000962F0 /* DataModels.swift in Sources */ = {isa = PBXBuildFile; fileRef = AFE90ABF2BDB611E000962F0 /* DataModels.swift */; };
		AFF997C22BDAD33900DCF598 /* AppDelegate.swift in Sources */ = {isa = PBXBuildFile; fileRef = AFF997C12BDAD33900DCF598 /* AppDelegate.swift */; };
		AFF997C42BDAD33900DCF598 /* SceneDelegate.swift in Sources */ = {isa = PBXBuildFile; fileRef = AFF997C32BDAD33900DCF598 /* SceneDelegate.swift */; };
		AFF997C62BDAD33900DCF598 /* ViewController.swift in Sources */ = {isa = PBXBuildFile; fileRef = AFF997C52BDAD33900DCF598 /* ViewController.swift */; };
		AFF997C92BDAD33900DCF598 /* Base in Resources */ = {isa = PBXBuildFile; fileRef = AFF997C82BDAD33900DCF598 /* Base */; };
		AFF997CB2BDAD33A00DCF598 /* Assets.xcassets in Resources */ = {isa = PBXBuildFile; fileRef = AFF997CA2BDAD33A00DCF598 /* Assets.xcassets */; };
		AFF997CE2BDAD33A00DCF598 /* Base in Resources */ = {isa = PBXBuildFile; fileRef = AFF997CD2BDAD33A00DCF598 /* Base */; };
/* End PBXBuildFile section */

/* Begin PBXFileReference section */
		AF4535012BDEC28D00A4906A /* LaunchViewController.swift */ = {isa = PBXFileReference; lastKnownFileType = sourcecode.swift; path = LaunchViewController.swift; sourceTree = "<group>"; };
		AF4535032BDECCFF00A4906A /* LoginViewController.swift */ = {isa = PBXFileReference; lastKnownFileType = sourcecode.swift; path = LoginViewController.swift; sourceTree = "<group>"; };
		AF4535072BDED20300A4906A /* HomeViewController.swift */ = {isa = PBXFileReference; lastKnownFileType = sourcecode.swift; path = HomeViewController.swift; sourceTree = "<group>"; };
		AFB6BA5C2BDE1B95000BC434 /* ExploreController.swift */ = {isa = PBXFileReference; lastKnownFileType = sourcecode.swift; path = ExploreController.swift; sourceTree = "<group>"; };
		AFC9EB402BE163680008765E /* CommunityViewController.swift */ = {isa = PBXFileReference; lastKnownFileType = sourcecode.swift; path = CommunityViewController.swift; sourceTree = "<group>"; };
		AFC9EB422BE163900008765E /* CommunityTableViewCell.swift */ = {isa = PBXFileReference; lastKnownFileType = sourcecode.swift; path = CommunityTableViewCell.swift; sourceTree = "<group>"; };
		AFE90ABF2BDB611E000962F0 /* DataModels.swift */ = {isa = PBXFileReference; lastKnownFileType = sourcecode.swift; path = DataModels.swift; sourceTree = "<group>"; };
		AFF997BE2BDAD33900DCF598 /* EazyTrip.app */ = {isa = PBXFileReference; explicitFileType = wrapper.application; includeInIndex = 0; path = EazyTrip.app; sourceTree = BUILT_PRODUCTS_DIR; };
		AFF997C12BDAD33900DCF598 /* AppDelegate.swift */ = {isa = PBXFileReference; lastKnownFileType = sourcecode.swift; path = AppDelegate.swift; sourceTree = "<group>"; };
		AFF997C32BDAD33900DCF598 /* SceneDelegate.swift */ = {isa = PBXFileReference; lastKnownFileType = sourcecode.swift; path = SceneDelegate.swift; sourceTree = "<group>"; };
		AFF997C52BDAD33900DCF598 /* ViewController.swift */ = {isa = PBXFileReference; lastKnownFileType = sourcecode.swift; path = ViewController.swift; sourceTree = "<group>"; };
		AFF997C82BDAD33900DCF598 /* Base */ = {isa = PBXFileReference; lastKnownFileType = file.storyboard; name = Base; path = Base.lproj/Main.storyboard; sourceTree = "<group>"; };
		AFF997CA2BDAD33A00DCF598 /* Assets.xcassets */ = {isa = PBXFileReference; lastKnownFileType = folder.assetcatalog; path = Assets.xcassets; sourceTree = "<group>"; };
		AFF997CD2BDAD33A00DCF598 /* Base */ = {isa = PBXFileReference; lastKnownFileType = file.storyboard; name = Base; path = Base.lproj/LaunchScreen.storyboard; sourceTree = "<group>"; };
		AFF997CF2BDAD33B00DCF598 /* Info.plist */ = {isa = PBXFileReference; lastKnownFileType = text.plist.xml; path = Info.plist; sourceTree = "<group>"; };
/* End PBXFileReference section */

/* Begin PBXFrameworksBuildPhase section */
		AFF997BB2BDAD33900DCF598 /* Frameworks */ = {
			isa = PBXFrameworksBuildPhase;
			buildActionMask = 2147483647;
			files = (
			);
			runOnlyForDeploymentPostprocessing = 0;
		};
/* End PBXFrameworksBuildPhase section */

/* Begin PBXGroup section */
		AFF997B52BDAD33900DCF598 = {
			isa = PBXGroup;
			children = (
				AFF997C02BDAD33900DCF598 /* EazyTrip */,
				AFF997BF2BDAD33900DCF598 /* Products */,
			);
			sourceTree = "<group>";
		};
		AFF997BF2BDAD33900DCF598 /* Products */ = {
			isa = PBXGroup;
			children = (
				AFF997BE2BDAD33900DCF598 /* EazyTrip.app */,
			);
			name = Products;
			sourceTree = "<group>";
		};
		AFF997C02BDAD33900DCF598 /* EazyTrip */ = {
			isa = PBXGroup;
			children = (
				AFF997C12BDAD33900DCF598 /* AppDelegate.swift */,
				AFF997C32BDAD33900DCF598 /* SceneDelegate.swift */,
				AFF997C52BDAD33900DCF598 /* ViewController.swift */,
				AF4535012BDEC28D00A4906A /* LaunchViewController.swift */,
				AF4535072BDED20300A4906A /* HomeViewController.swift */,
				AF4535032BDECCFF00A4906A /* LoginViewController.swift */,
				AFC9EB402BE163680008765E /* CommunityViewController.swift */,
				AFC9EB422BE163900008765E /* CommunityTableViewCell.swift */,
				AFF997C72BDAD33900DCF598 /* Main.storyboard */,
				AFF997CA2BDAD33A00DCF598 /* Assets.xcassets */,
				AFF997CC2BDAD33A00DCF598 /* LaunchScreen.storyboard */,
				AFF997CF2BDAD33B00DCF598 /* Info.plist */,
				AFE90ABF2BDB611E000962F0 /* DataModels.swift */,
				AFB6BA5C2BDE1B95000BC434 /* ExploreController.swift */,
			);
			path = EazyTrip;
			sourceTree = "<group>";
		};
/* End PBXGroup section */

/* Begin PBXNativeTarget section */
		AFF997BD2BDAD33900DCF598 /* EazyTrip */ = {
			isa = PBXNativeTarget;
			buildConfigurationList = AFF997D22BDAD33B00DCF598 /* Build configuration list for PBXNativeTarget "EazyTrip" */;
			buildPhases = (
				AFF997BA2BDAD33900DCF598 /* Sources */,
				AFF997BB2BDAD33900DCF598 /* Frameworks */,
				AFF997BC2BDAD33900DCF598 /* Resources */,
			);
			buildRules = (
			);
			dependencies = (
			);
			name = EazyTrip;
			productName = EazyTrip;
			productReference = AFF997BE2BDAD33900DCF598 /* EazyTrip.app */;
			productType = "com.apple.product-type.application";
		};
/* End PBXNativeTarget section */

/* Begin PBXProject section */
		AFF997B62BDAD33900DCF598 /* Project object */ = {
			isa = PBXProject;
			attributes = {
				BuildIndependentTargetsInParallel = 1;
				LastSwiftUpdateCheck = 1530;
				LastUpgradeCheck = 1530;
				TargetAttributes = {
					AFF997BD2BDAD33900DCF598 = {
						CreatedOnToolsVersion = 15.3;
					};
				};
			};
			buildConfigurationList = AFF997B92BDAD33900DCF598 /* Build configuration list for PBXProject "EazyTrip" */;
			compatibilityVersion = "Xcode 14.0";
			developmentRegion = en;
			hasScannedForEncodings = 0;
			knownRegions = (
				en,
				Base,
			);
			mainGroup = AFF997B52BDAD33900DCF598;
			productRefGroup = AFF997BF2BDAD33900DCF598 /* Products */;
			projectDirPath = "";
			projectRoot = "";
			targets = (
				AFF997BD2BDAD33900DCF598 /* EazyTrip */,
			);
		};
/* End PBXProject section */

/* Begin PBXResourcesBuildPhase section */
		AFF997BC2BDAD33900DCF598 /* Resources */ = {
			isa = PBXResourcesBuildPhase;
			buildActionMask = 2147483647;
			files = (
				AFF997CB2BDAD33A00DCF598 /* Assets.xcassets in Resources */,
				AFF997CE2BDAD33A00DCF598 /* Base in Resources */,
				AFF997C92BDAD33900DCF598 /* Base in Resources */,
			);
			runOnlyForDeploymentPostprocessing = 0;
		};
/* End PBXResourcesBuildPhase section */

/* Begin PBXSourcesBuildPhase section */
		AFF997BA2BDAD33900DCF598 /* Sources */ = {
			isa = PBXSourcesBuildPhase;
			buildActionMask = 2147483647;
			files = (
				AF4535042BDECCFF00A4906A /* LoginViewController.swift in Sources */,
				AFF997C62BDAD33900DCF598 /* ViewController.swift in Sources */,
				AFC9EB412BE163680008765E /* CommunityViewController.swift in Sources */,
				AFC9EB432BE163900008765E /* CommunityTableViewCell.swift in Sources */,
				AF4535022BDEC28D00A4906A /* LaunchViewController.swift in Sources */,
				AF4535082BDED20300A4906A /* HomeViewController.swift in Sources */,
				AFB6BA5D2BDE1B95000BC434 /* ExploreController.swift in Sources */,
				AFE90AC02BDB611E000962F0 /* DataModels.swift in Sources */,
				AFF997C22BDAD33900DCF598 /* AppDelegate.swift in Sources */,
				AFF997C42BDAD33900DCF598 /* SceneDelegate.swift in Sources */,
			);
			runOnlyForDeploymentPostprocessing = 0;
		};
/* End PBXSourcesBuildPhase section */

/* Begin PBXVariantGroup section */
		AFF997C72BDAD33900DCF598 /* Main.storyboard */ = {
			isa = PBXVariantGroup;
			children = (
				AFF997C82BDAD33900DCF598 /* Base */,
			);
			name = Main.storyboard;
			sourceTree = "<group>";
		};
		AFF997CC2BDAD33A00DCF598 /* LaunchScreen.storyboard */ = {
			isa = PBXVariantGroup;
			children = (
				AFF997CD2BDAD33A00DCF598 /* Base */,
			);
			name = LaunchScreen.storyboard;
			sourceTree = "<group>";
		};
/* End PBXVariantGroup section */

/* Begin XCBuildConfiguration section */
		AFF997D02BDAD33B00DCF598 /* Debug */ = {
			isa = XCBuildConfiguration;
			buildSettings = {
				ALWAYS_SEARCH_USER_PATHS = NO;
				ASSETCATALOG_COMPILER_GENERATE_SWIFT_ASSET_SYMBOL_EXTENSIONS = YES;
				CLANG_ANALYZER_NONNULL = YES;
				CLANG_ANALYZER_NUMBER_OBJECT_CONVERSION = YES_AGGRESSIVE;
				CLANG_CXX_LANGUAGE_STANDARD = "gnu++20";
				CLANG_ENABLE_MODULES = YES;
				CLANG_ENABLE_OBJC_ARC = YES;
				CLANG_ENABLE_OBJC_WEAK = YES;
				CLANG_WARN_BLOCK_CAPTURE_AUTORELEASING = YES;
				CLANG_WARN_BOOL_CONVERSION = YES;
				CLANG_WARN_COMMA = YES;
				CLANG_WARN_CONSTANT_CONVERSION = YES;
				CLANG_WARN_DEPRECATED_OBJC_IMPLEMENTATIONS = YES;
				CLANG_WARN_DIRECT_OBJC_ISA_USAGE = YES_ERROR;
				CLANG_WARN_DOCUMENTATION_COMMENTS = YES;
				CLANG_WARN_EMPTY_BODY = YES;
				CLANG_WARN_ENUM_CONVERSION = YES;
				CLANG_WARN_INFINITE_RECURSION = YES;
				CLANG_WARN_INT_CONVERSION = YES;
				CLANG_WARN_NON_LITERAL_NULL_CONVERSION = YES;
				CLANG_WARN_OBJC_IMPLICIT_RETAIN_SELF = YES;
				CLANG_WARN_OBJC_LITERAL_CONVERSION = YES;
				CLANG_WARN_OBJC_ROOT_CLASS = YES_ERROR;
				CLANG_WARN_QUOTED_INCLUDE_IN_FRAMEWORK_HEADER = YES;
				CLANG_WARN_RANGE_LOOP_ANALYSIS = YES;
				CLANG_WARN_STRICT_PROTOTYPES = YES;
				CLANG_WARN_SUSPICIOUS_MOVE = YES;
				CLANG_WARN_UNGUARDED_AVAILABILITY = YES_AGGRESSIVE;
				CLANG_WARN_UNREACHABLE_CODE = YES;
				CLANG_WARN__DUPLICATE_METHOD_MATCH = YES;
				COPY_PHASE_STRIP = NO;
				DEBUG_INFORMATION_FORMAT = dwarf;
				ENABLE_STRICT_OBJC_MSGSEND = YES;
				ENABLE_TESTABILITY = YES;
				ENABLE_USER_SCRIPT_SANDBOXING = YES;
				GCC_C_LANGUAGE_STANDARD = gnu17;
				GCC_DYNAMIC_NO_PIC = NO;
				GCC_NO_COMMON_BLOCKS = YES;
				GCC_OPTIMIZATION_LEVEL = 0;
				GCC_PREPROCESSOR_DEFINITIONS = (
					"DEBUG=1",
					"$(inherited)",
				);
				GCC_WARN_64_TO_32_BIT_CONVERSION = YES;
				GCC_WARN_ABOUT_RETURN_TYPE = YES_ERROR;
				GCC_WARN_UNDECLARED_SELECTOR = YES;
				GCC_WARN_UNINITIALIZED_AUTOS = YES_AGGRESSIVE;
				GCC_WARN_UNUSED_FUNCTION = YES;
				GCC_WARN_UNUSED_VARIABLE = YES;
				IPHONEOS_DEPLOYMENT_TARGET = 17.4;
				LOCALIZATION_PREFERS_STRING_CATALOGS = YES;
				MTL_ENABLE_DEBUG_INFO = INCLUDE_SOURCE;
				MTL_FAST_MATH = YES;
				ONLY_ACTIVE_ARCH = YES;
				SDKROOT = iphoneos;
				SWIFT_ACTIVE_COMPILATION_CONDITIONS = "DEBUG $(inherited)";
				SWIFT_OPTIMIZATION_LEVEL = "-Onone";
			};
			name = Debug;
		};
		AFF997D12BDAD33B00DCF598 /* Release */ = {
			isa = XCBuildConfiguration;
			buildSettings = {
				ALWAYS_SEARCH_USER_PATHS = NO;
				ASSETCATALOG_COMPILER_GENERATE_SWIFT_ASSET_SYMBOL_EXTENSIONS = YES;
				CLANG_ANALYZER_NONNULL = YES;
				CLANG_ANALYZER_NUMBER_OBJECT_CONVERSION = YES_AGGRESSIVE;
				CLANG_CXX_LANGUAGE_STANDARD = "gnu++20";
				CLANG_ENABLE_MODULES = YES;
				CLANG_ENABLE_OBJC_ARC = YES;
				CLANG_ENABLE_OBJC_WEAK = YES;
				CLANG_WARN_BLOCK_CAPTURE_AUTORELEASING = YES;
				CLANG_WARN_BOOL_CONVERSION = YES;
				CLANG_WARN_COMMA = YES;
				CLANG_WARN_CONSTANT_CONVERSION = YES;
				CLANG_WARN_DEPRECATED_OBJC_IMPLEMENTATIONS = YES;
				CLANG_WARN_DIRECT_OBJC_ISA_USAGE = YES_ERROR;
				CLANG_WARN_DOCUMENTATION_COMMENTS = YES;
				CLANG_WARN_EMPTY_BODY = YES;
				CLANG_WARN_ENUM_CONVERSION = YES;
				CLANG_WARN_INFINITE_RECURSION = YES;
				CLANG_WARN_INT_CONVERSION = YES;
				CLANG_WARN_NON_LITERAL_NULL_CONVERSION = YES;
				CLANG_WARN_OBJC_IMPLICIT_RETAIN_SELF = YES;
				CLANG_WARN_OBJC_LITERAL_CONVERSION = YES;
				CLANG_WARN_OBJC_ROOT_CLASS = YES_ERROR;
				CLANG_WARN_QUOTED_INCLUDE_IN_FRAMEWORK_HEADER = YES;
				CLANG_WARN_RANGE_LOOP_ANALYSIS = YES;
				CLANG_WARN_STRICT_PROTOTYPES = YES;
				CLANG_WARN_SUSPICIOUS_MOVE = YES;
				CLANG_WARN_UNGUARDED_AVAILABILITY = YES_AGGRESSIVE;
				CLANG_WARN_UNREACHABLE_CODE = YES;
				CLANG_WARN__DUPLICATE_METHOD_MATCH = YES;
				COPY_PHASE_STRIP = NO;
				DEBUG_INFORMATION_FORMAT = "dwarf-with-dsym";
				ENABLE_NS_ASSERTIONS = NO;
				ENABLE_STRICT_OBJC_MSGSEND = YES;
				ENABLE_USER_SCRIPT_SANDBOXING = YES;
				GCC_C_LANGUAGE_STANDARD = gnu17;
				GCC_NO_COMMON_BLOCKS = YES;
				GCC_WARN_64_TO_32_BIT_CONVERSION = YES;
				GCC_WARN_ABOUT_RETURN_TYPE = YES_ERROR;
				GCC_WARN_UNDECLARED_SELECTOR = YES;
				GCC_WARN_UNINITIALIZED_AUTOS = YES_AGGRESSIVE;
				GCC_WARN_UNUSED_FUNCTION = YES;
				GCC_WARN_UNUSED_VARIABLE = YES;
				IPHONEOS_DEPLOYMENT_TARGET = 17.4;
				LOCALIZATION_PREFERS_STRING_CATALOGS = YES;
				MTL_ENABLE_DEBUG_INFO = NO;
				MTL_FAST_MATH = YES;
				SDKROOT = iphoneos;
				SWIFT_COMPILATION_MODE = wholemodule;
				VALIDATE_PRODUCT = YES;
			};
			name = Release;
		};
		AFF997D32BDAD33B00DCF598 /* Debug */ = {
			isa = XCBuildConfiguration;
			buildSettings = {
				ASSETCATALOG_COMPILER_APPICON_NAME = AppIcon;
				ASSETCATALOG_COMPILER_GLOBAL_ACCENT_COLOR_NAME = AccentColor;
				CODE_SIGN_STYLE = Automatic;
				CURRENT_PROJECT_VERSION = 1;
				DEVELOPMENT_TEAM = 6Z9PSH8CVD;
				GENERATE_INFOPLIST_FILE = YES;
				INFOPLIST_FILE = EazyTrip/Info.plist;
				INFOPLIST_KEY_CFBundleDisplayName = PlanEzy;
				INFOPLIST_KEY_UIApplicationSupportsIndirectInputEvents = YES;
				INFOPLIST_KEY_UILaunchStoryboardName = LaunchScreen;
				INFOPLIST_KEY_UIMainStoryboardFile = Main;
				INFOPLIST_KEY_UISupportedInterfaceOrientations_iPad = "UIInterfaceOrientationPortrait UIInterfaceOrientationPortraitUpsideDown UIInterfaceOrientationLandscapeLeft UIInterfaceOrientationLandscapeRight";
				INFOPLIST_KEY_UISupportedInterfaceOrientations_iPhone = "UIInterfaceOrientationPortrait UIInterfaceOrientationLandscapeLeft UIInterfaceOrientationLandscapeRight";
				LD_RUNPATH_SEARCH_PATHS = (
					"$(inherited)",
					"@executable_path/Frameworks",
				);
				MARKETING_VERSION = 1.0;
				PRODUCT_BUNDLE_IDENTIFIER = MG.EazyTrip;
				PRODUCT_NAME = "$(TARGET_NAME)";
				SWIFT_EMIT_LOC_STRINGS = YES;
				SWIFT_VERSION = 5.0;
				TARGETED_DEVICE_FAMILY = "1,2";
			};
			name = Debug;
		};
		AFF997D42BDAD33B00DCF598 /* Release */ = {
			isa = XCBuildConfiguration;
			buildSettings = {
				ASSETCATALOG_COMPILER_APPICON_NAME = AppIcon;
				ASSETCATALOG_COMPILER_GLOBAL_ACCENT_COLOR_NAME = AccentColor;
				CODE_SIGN_STYLE = Automatic;
				CURRENT_PROJECT_VERSION = 1;
				DEVELOPMENT_TEAM = 6Z9PSH8CVD;
				GENERATE_INFOPLIST_FILE = YES;
				INFOPLIST_FILE = EazyTrip/Info.plist;
				INFOPLIST_KEY_CFBundleDisplayName = PlanEzy;
				INFOPLIST_KEY_UIApplicationSupportsIndirectInputEvents = YES;
				INFOPLIST_KEY_UILaunchStoryboardName = LaunchScreen;
				INFOPLIST_KEY_UIMainStoryboardFile = Main;
				INFOPLIST_KEY_UISupportedInterfaceOrientations_iPad = "UIInterfaceOrientationPortrait UIInterfaceOrientationPortraitUpsideDown UIInterfaceOrientationLandscapeLeft UIInterfaceOrientationLandscapeRight";
				INFOPLIST_KEY_UISupportedInterfaceOrientations_iPhone = "UIInterfaceOrientationPortrait UIInterfaceOrientationLandscapeLeft UIInterfaceOrientationLandscapeRight";
				LD_RUNPATH_SEARCH_PATHS = (
					"$(inherited)",
					"@executable_path/Frameworks",
				);
				MARKETING_VERSION = 1.0;
				PRODUCT_BUNDLE_IDENTIFIER = MG.EazyTrip;
				PRODUCT_NAME = "$(TARGET_NAME)";
				SWIFT_EMIT_LOC_STRINGS = YES;
				SWIFT_VERSION = 5.0;
				TARGETED_DEVICE_FAMILY = "1,2";
			};
			name = Release;
		};
/* End XCBuildConfiguration section */

/* Begin XCConfigurationList section */
		AFF997B92BDAD33900DCF598 /* Build configuration list for PBXProject "EazyTrip" */ = {
			isa = XCConfigurationList;
			buildConfigurations = (
				AFF997D02BDAD33B00DCF598 /* Debug */,
				AFF997D12BDAD33B00DCF598 /* Release */,
			);
			defaultConfigurationIsVisible = 0;
			defaultConfigurationName = Release;
		};
		AFF997D22BDAD33B00DCF598 /* Build configuration list for PBXNativeTarget "EazyTrip" */ = {
			isa = XCConfigurationList;
			buildConfigurations = (
				AFF997D32BDAD33B00DCF598 /* Debug */,
				AFF997D42BDAD33B00DCF598 /* Release */,
			);
			defaultConfigurationIsVisible = 0;
			defaultConfigurationName = Release;
		};
/* End XCConfigurationList section */
	};
	rootObject = AFF997B62BDAD33900DCF598 /* Project object */;
}
